# This file is autogenerated, do not edit; changes may be undone by the next 'dep ensure'.


[[projects]]
  name = "github.com/drone/drone-go"
  packages = ["drone"]
  revision = "3a20536622c5e513dea26c58f1e997cb4ab4dbc5"
  version = "v0.8.4"

[[projects]]
  branch = "master"
  name = "golang.org/x/crypto"
  packages = [
    "curve25519",
    "ed25519",
    "ed25519/internal/edwards25519",
    "internal/chacha20",
    "poly1305",
    "ssh"
  ]
  revision = "374053ea96cb300f8671b8d3b07edeeb06e203b4"

[solve-meta]
  analyzer-name = "dep"
  analyzer-version = 1
  inputs-digest = "37d70e78a231b4d7d03b72f50627eb9a61602c3997cd21238770e43733bc8014"
  solver-name = "gps-cdcl"
  solver-version = 1
